
Microsoft Visual Studio Solution File, Format Version 12.00
# Visual Studio Version 17
VisualStudioVersion = 17.0.31611.283
MinimumVisualStudioVersion = 10.0.40219.1
Project("{9A19103F-16F7-4668-BE54-9A1E7A4F7556}") = "153502_Tolstoi.UI", "153502_Tolstoi.UI\153502_Tolstoi.UI.csproj", "{21573058-9710-4BE7-A182-55BA0D0CBE00}"
EndProject
Project("{FAE04EC0-301F-11D3-BF4B-00C04F79EFBC}") = "153502_Tolstoi.Domain", "153502_Tolstoi.Domain\153502_Tolstoi.Domain.csproj", "{A8B2C1D4-FC2C-4E08-B0AA-AFEC92D859F0}"
EndProject
Project("{FAE04EC0-301F-11D3-BF4B-00C04F79EFBC}") = "153502_Tolstoi.Application", "153502_Tolstoi.Application\153502_Tolstoi.Application.csproj", "{2129DCDA-D69E-4660-B91A-0B4279D3DB37}"
EndProject
Project("{FAE04EC0-301F-11D3-BF4B-00C04F79EFBC}") = "153502_Tolstoi.Persistence", "153502_Tolstoi.Persistence\153502_Tolstoi.Persistence.csproj", "{71B539DF-B204-49E4-951A-7A2AE7765C19}"
EndProject
Global
	GlobalSection(SolutionConfigurationPlatforms) = preSolution
		Debug|Any CPU = Debug|Any CPU
		Release|Any CPU = Release|Any CPU
	EndGlobalSection
	GlobalSection(ProjectConfigurationPlatforms) = postSolution
		{21573058-9710-4BE7-A182-55BA0D0CBE00}.Debug|Any CPU.ActiveCfg = Debug|Any CPU
		{21573058-9710-4BE7-A182-55BA0D0CBE00}.Debug|Any CPU.Build.0 = Debug|Any CPU
		{21573058-9710-4BE7-A182-55BA0D0CBE00}.Debug|Any CPU.Deploy.0 = Debug|Any CPU
		{21573058-9710-4BE7-A182-55BA0D0CBE00}.Release|Any CPU.ActiveCfg = Release|Any CPU
		{21573058-9710-4BE7-A182-55BA0D0CBE00}.Release|Any CPU.Build.0 = Release|Any CPU
		{21573058-9710-4BE7-A182-55BA0D0CBE00}.Release|Any CPU.Deploy.0 = Release|Any CPU
		{A8B2C1D4-FC2C-4E08-B0AA-AFEC92D859F0}.Debug|Any CPU.ActiveCfg = Debug|Any CPU
		{A8B2C1D4-FC2C-4E08-B0AA-AFEC92D859F0}.Debug|Any CPU.Build.0 = Debug|Any CPU
		{A8B2C1D4-FC2C-4E08-B0AA-AFEC92D859F0}.Release|Any CPU.ActiveCfg = Release|Any CPU
		{A8B2C1D4-FC2C-4E08-B0AA-AFEC92D859F0}.Release|Any CPU.Build.0 = Release|Any CPU
		{2129DCDA-D69E-4660-B91A-0B4279D3DB37}.Debug|Any CPU.ActiveCfg = Debug|Any CPU
		{2129DCDA-D69E-4660-B91A-0B4279D3DB37}.Debug|Any CPU.Build.0 = Debug|Any CPU
		{2129DCDA-D69E-4660-B91A-0B4279D3DB37}.Release|Any CPU.ActiveCfg = Release|Any CPU
		{2129DCDA-D69E-4660-B91A-0B4279D3DB37}.Release|Any CPU.Build.0 = Release|Any CPU
		{71B539DF-B204-49E4-951A-7A2AE7765C19}.Debug|Any CPU.ActiveCfg = Debug|Any CPU
		{71B539DF-B204-49E4-951A-7A2AE7765C19}.Debug|Any CPU.Build.0 = Debug|Any CPU
		{71B539DF-B204-49E4-951A-7A2AE7765C19}.Release|Any CPU.ActiveCfg = Release|Any CPU
		{71B539DF-B204-49E4-951A-7A2AE7765C19}.Release|Any CPU.Build.0 = Release|Any CPU
	EndGlobalSection
	GlobalSection(SolutionProperties) = preSolution
		HideSolutionNode = FALSE
	EndGlobalSection
	GlobalSection(ExtensibilityGlobals) = postSolution
		SolutionGuid = {61F7FB11-1E47-470C-91E2-47F8143E1572}
	EndGlobalSection
EndGlobal
